// !$*UTF8*$!
{
	archiveVersion = 1;
	classes = {
	};
	objectVersion = 55;
	objects = {

/* Begin PBXBuildFile section */
		884190202872E5850091BAB5 /* AppDelegate.swift in Sources */ = {isa = PBXBuildFile; fileRef = 8841901F2872E5850091BAB5 /* AppDelegate.swift */; };
		884190222872E5850091BAB5 /* SceneDelegate.swift in Sources */ = {isa = PBXBuildFile; fileRef = 884190212872E5850091BAB5 /* SceneDelegate.swift */; };
		884190242872E5850091BAB5 /* ViewController.swift in Sources */ = {isa = PBXBuildFile; fileRef = 884190232872E5850091BAB5 /* ViewController.swift */; };
		884190272872E5850091BAB5 /* Main.storyboard in Resources */ = {isa = PBXBuildFile; fileRef = 884190252872E5850091BAB5 /* Main.storyboard */; };
		884190292872E58B0091BAB5 /* Assets.xcassets in Resources */ = {isa = PBXBuildFile; fileRef = 884190282872E58B0091BAB5 /* Assets.xcassets */; };
		8841902C2872E58B0091BAB5 /* LaunchScreen.storyboard in Resources */ = {isa = PBXBuildFile; fileRef = 8841902A2872E58B0091BAB5 /* LaunchScreen.storyboard */; };
		884190372872E58B0091BAB5 /* UISheetDemoTests.swift in Sources */ = {isa = PBXBuildFile; fileRef = 884190362872E58B0091BAB5 /* UISheetDemoTests.swift */; };
		884190412872E58B0091BAB5 /* UISheetDemoUITests.swift in Sources */ = {isa = PBXBuildFile; fileRef = 884190402872E58B0091BAB5 /* UISheetDemoUITests.swift */; };
		884190432872E58B0091BAB5 /* UISheetDemoUITestsLaunchTests.swift in Sources */ = {isa = PBXBuildFile; fileRef = 884190422872E58B0091BAB5 /* UISheetDemoUITestsLaunchTests.swift */; };
/* End PBXBuildFile section */

/* Begin PBXContainerItemProxy section */
		884190332872E58B0091BAB5 /* PBXContainerItemProxy */ = {
			isa = PBXContainerItemProxy;
			containerPortal = 884190142872E5850091BAB5 /* Project object */;
			proxyType = 1;
			remoteGlobalIDString = 8841901B2872E5850091BAB5;
			remoteInfo = UISheetDemo;
		};
		8841903D2872E58B0091BAB5 /* PBXContainerItemProxy */ = {
			isa = PBXContainerItemProxy;
			containerPortal = 884190142872E5850091BAB5 /* Project object */;
			proxyType = 1;
			remoteGlobalIDString = 8841901B2872E5850091BAB5;
			remoteInfo = UISheetDemo;
		};
/* End PBXContainerItemProxy section */

/* Begin PBXFileReference section */
		8841901C2872E5850091BAB5 /* UISheetDemo.app */ = {isa = PBXFileReference; explicitFileType = wrapper.application; includeInIndex = 0; path = UISheetDemo.app; sourceTree = BUILT_PRODUCTS_DIR; };
		8841901F2872E5850091BAB5 /* AppDelegate.swift */ = {isa = PBXFileReference; lastKnownFileType = sourcecode.swift; path = AppDelegate.swift; sourceTree = "<group>"; };
		884190212872E5850091BAB5 /* SceneDelegate.swift */ = {isa = PBXFileReference; lastKnownFileType = sourcecode.swift; path = SceneDelegate.swift; sourceTree = "<group>"; };
		884190232872E5850091BAB5 /* ViewController.swift */ = {isa = PBXFileReference; lastKnownFileType = sourcecode.swift; path = ViewController.swift; sourceTree = "<group>"; };
		884190262872E5850091BAB5 /* Base */ = {isa = PBXFileReference; lastKnownFileType = file.storyboard; name = Base; path = Base.lproj/Main.storyboard; sourceTree = "<group>"; };
		884190282872E58B0091BAB5 /* Assets.xcassets */ = {isa = PBXFileReference; lastKnownFileType = folder.assetcatalog; path = Assets.xcassets; sourceTree = "<group>"; };
		8841902B2872E58B0091BAB5 /* Base */ = {isa = PBXFileReference; lastKnownFileType = file.storyboard; name = Base; path = Base.lproj/LaunchScreen.storyboard; sourceTree = "<group>"; };
		8841902D2872E58B0091BAB5 /* Info.plist */ = {isa = PBXFileReference; lastKnownFileType = text.plist.xml; path = Info.plist; sourceTree = "<group>"; };
		884190322872E58B0091BAB5 /* UISheetDemoTests.xctest */ = {isa = PBXFileReference; explicitFileType = wrapper.cfbundle; includeInIndex = 0; path = UISheetDemoTests.xctest; sourceTree = BUILT_PRODUCTS_DIR; };
		884190362872E58B0091BAB5 /* UISheetDemoTests.swift */ = {isa = PBXFileReference; lastKnownFileType = sourcecode.swift; path = UISheetDemoTests.swift; sourceTree = "<group>"; };
		8841903C2872E58B0091BAB5 /* UISheetDemoUITests.xctest */ = {isa = PBXFileReference; explicitFileType = wrapper.cfbundle; includeInIndex = 0; path = UISheetDemoUITests.xctest; sourceTree = BUILT_PRODUCTS_DIR; };
		884190402872E58B0091BAB5 /* UISheetDemoUITests.swift */ = {isa = PBXFileReference; lastKnownFileType = sourcecode.swift; path = UISheetDemoUITests.swift; sourceTree = "<group>"; };
		884190422872E58B0091BAB5 /* UISheetDemoUITestsLaunchTests.swift */ = {isa = PBXFileReference; lastKnownFileType = sourcecode.swift; path = UISheetDemoUITestsLaunchTests.swift; sourceTree = "<group>"; };
/* End PBXFileReference section */

/* Begin PBXFrameworksBuildPhase section */
		884190192872E5850091BAB5 /* Frameworks */ = {
			isa = PBXFrameworksBuildPhase;
			buildActionMask = 2147483647;
			files = (
			);
			runOnlyForDeploymentPostprocessing = 0;
		};
		8841902F2872E58B0091BAB5 /* Frameworks */ = {
			isa = PBXFrameworksBuildPhase;
			buildActionMask = 2147483647;
			files = (
			);
			runOnlyForDeploymentPostprocessing = 0;
		};
		884190392872E58B0091BAB5 /* Frameworks */ = {
			isa = PBXFrameworksBuildPhase;
			buildActionMask = 2147483647;
			files = (
			);
			runOnlyForDeploymentPostprocessing = 0;
		};
/* End PBXFrameworksBuildPhase section */

/* Begin PBXGroup section */
		884190132872E5850091BAB5 = {
			isa = PBXGroup;
			children = (
				8841901E2872E5850091BAB5 /* UISheetDemo */,
				884190352872E58B0091BAB5 /* UISheetDemoTests */,
				8841903F2872E58B0091BAB5 /* UISheetDemoUITests */,
				8841901D2872E5850091BAB5 /* Products */,
			);
			sourceTree = "<group>";
		};
		8841901D2872E5850091BAB5 /* Products */ = {
			isa = PBXGroup;
			children = (
				8841901C2872E5850091BAB5 /* UISheetDemo.app */,
				884190322872E58B0091BAB5 /* UISheetDemoTests.xctest */,
				8841903C2872E58B0091BAB5 /* UISheetDemoUITests.xctest */,
			);
			name = Products;
			sourceTree = "<group>";
		};
		8841901E2872E5850091BAB5 /* UISheetDemo */ = {
			isa = PBXGroup;
			children = (
				8841901F2872E5850091BAB5 /* AppDelegate.swift */,
				884190212872E5850091BAB5 /* SceneDelegate.swift */,
				884190232872E5850091BAB5 /* ViewController.swift */,
				884190252872E5850091BAB5 /* Main.storyboard */,
				884190282872E58B0091BAB5 /* Assets.xcassets */,
				8841902A2872E58B0091BAB5 /* LaunchScreen.storyboard */,
				8841902D2872E58B0091BAB5 /* Info.plist */,
			);
			path = UISheetDemo;
			sourceTree = "<group>";
		};
		884190352872E58B0091BAB5 /* UISheetDemoTests */ = {
			isa = PBXGroup;
			children = (
				884190362872E58B0091BAB5 /* UISheetDemoTests.swift */,
			);
			path = UISheetDemoTests;
			sourceTree = "<group>";
		};
		8841903F2872E58B0091BAB5 /* UISheetDemoUITests */ = {
			isa = PBXGroup;
			children = (
				884190402872E58B0091BAB5 /* UISheetDemoUITests.swift */,
				884190422872E58B0091BAB5 /* UISheetDemoUITestsLaunchTests.swift */,
			);
			path = UISheetDemoUITests;
			sourceTree = "<group>";
		};
/* End PBXGroup section */

/* Begin PBXNativeTarget section */
		8841901B2872E5850091BAB5 /* UISheetDemo */ = {
			isa = PBXNativeTarget;
			buildConfigurationList = 884190462872E58B0091BAB5 /* Build configuration list for PBXNativeTarget "UISheetDemo" */;
			buildPhases = (
				884190182872E5850091BAB5 /* Sources */,
				884190192872E5850091BAB5 /* Frameworks */,
				8841901A2872E5850091BAB5 /* Resources */,
			);
			buildRules = (
			);
			dependencies = (
			);
			name = UISheetDemo;
			productName = UISheetDemo;
			productReference = 8841901C2872E5850091BAB5 /* UISheetDemo.app */;
			productType = "com.apple.product-type.application";
		};
		884190312872E58B0091BAB5 /* UISheetDemoTests */ = {
			isa = PBXNativeTarget;
			buildConfigurationList = 884190492872E58B0091BAB5 /* Build configuration list for PBXNativeTarget "UISheetDemoTests" */;
			buildPhases = (
				8841902E2872E58B0091BAB5 /* Sources */,
				8841902F2872E58B0091BAB5 /* Frameworks */,
				884190302872E58B0091BAB5 /* Resources */,
			);
			buildRules = (
			);
			dependencies = (
				884190342872E58B0091BAB5 /* PBXTargetDependency */,
			);
			name = UISheetDemoTests;
			productName = UISheetDemoTests;
			productReference = 884190322872E58B0091BAB5 /* UISheetDemoTests.xctest */;
			productType = "com.apple.product-type.bundle.unit-test";
		};
		8841903B2872E58B0091BAB5 /* UISheetDemoUITests */ = {
			isa = PBXNativeTarget;
			buildConfigurationList = 8841904C2872E58B0091BAB5 /* Build configuration list for PBXNativeTarget "UISheetDemoUITests" */;
			buildPhases = (
				884190382872E58B0091BAB5 /* Sources */,
				884190392872E58B0091BAB5 /* Frameworks */,
				8841903A2872E58B0091BAB5 /* Resources */,
			);
			buildRules = (
			);
			dependencies = (
				8841903E2872E58B0091BAB5 /* PBXTargetDependency */,
			);
			name = UISheetDemoUITests;
			productName = UISheetDemoUITests;
			productReference = 8841903C2872E58B0091BAB5 /* UISheetDemoUITests.xctest */;
			productType = "com.apple.product-type.bundle.ui-testing";
		};
/* End PBXNativeTarget section */

/* Begin PBXProject section */
		884190142872E5850091BAB5 /* Project object */ = {
			isa = PBXProject;
			attributes = {
				BuildIndependentTargetsInParallel = 1;
				LastSwiftUpdateCheck = 1330;
				LastUpgradeCheck = 1330;
				TargetAttributes = {
					8841901B2872E5850091BAB5 = {
						CreatedOnToolsVersion = 13.3;
					};
					884190312872E58B0091BAB5 = {
						CreatedOnToolsVersion = 13.3;
						TestTargetID = 8841901B2872E5850091BAB5;
					};
					8841903B2872E58B0091BAB5 = {
						CreatedOnToolsVersion = 13.3;
						TestTargetID = 8841901B2872E5850091BAB5;
					};
				};
			};
			buildConfigurationList = 884190172872E5850091BAB5 /* Build configuration list for PBXProject "UISheetDemo" */;
			compatibilityVersion = "Xcode 13.0";
			developmentRegion = en;
			hasScannedForEncodings = 0;
			knownRegions = (
				en,
				Base,
			);
			mainGroup = 884190132872E5850091BAB5;
			productRefGroup = 8841901D2872E5850091BAB5 /* Products */;
			projectDirPath = "";
			projectRoot = "";
			targets = (
				8841901B2872E5850091BAB5 /* UISheetDemo */,
				884190312872E58B0091BAB5 /* UISheetDemoTests */,
				8841903B2872E58B0091BAB5 /* UISheetDemoUITests */,
			);
		};
/* End PBXProject section */

/* Begin PBXResourcesBuildPhase section */
		8841901A2872E5850091BAB5 /* Resources */ = {
			isa = PBXResourcesBuildPhase;
			buildActionMask = 2147483647;
			files = (
				8841902C2872E58B0091BAB5 /* LaunchScreen.storyboard in Resources */,
				884190292872E58B0091BAB5 /* Assets.xcassets in Resources */,
				884190272872E5850091BAB5 /* Main.storyboard in Resources */,
			);
			runOnlyForDeploymentPostprocessing = 0;
		};
		884190302872E58B0091BAB5 /* Resources */ = {
			isa = PBXResourcesBuildPhase;
			buildActionMask = 2147483647;
			files = (
			);
			runOnlyForDeploymentPostprocessing = 0;
		};
		8841903A2872E58B0091BAB5 /* Resources */ = {
			isa = PBXResourcesBuildPhase;
			buildActionMask = 2147483647;
			files = (
			);
			runOnlyForDeploymentPostprocessing = 0;
		};
/* End PBXResourcesBuildPhase section */

/* Begin PBXSourcesBuildPhase section */
		884190182872E5850091BAB5 /* Sources */ = {
			isa = PBXSourcesBuildPhase;
			buildActionMask = 2147483647;
			files = (
				884190242872E5850091BAB5 /* ViewController.swift in Sources */,
				884190202872E5850091BAB5 /* AppDelegate.swift in Sources */,
				884190222872E5850091BAB5 /* SceneDelegate.swift in Sources */,
			);
			runOnlyForDeploymentPostprocessing = 0;
		};
		8841902E2872E58B0091BAB5 /* Sources */ = {
			isa = PBXSourcesBuildPhase;
			buildActionMask = 2147483647;
			files = (
				884190372872E58B0091BAB5 /* UISheetDemoTests.swift in Sources */,
			);
			runOnlyForDeploymentPostprocessing = 0;
		};
		884190382872E58B0091BAB5 /* Sources */ = {
			isa = PBXSourcesBuildPhase;
			buildActionMask = 2147483647;
			files = (
				884190412872E58B0091BAB5 /* UISheetDemoUITests.swift in Sources */,
				884190432872E58B0091BAB5 /* UISheetDemoUITestsLaunchTests.swift in Sources */,
			);
			runOnlyForDeploymentPostprocessing = 0;
		};
/* End PBXSourcesBuildPhase section */

/* Begin PBXTargetDependency section */
		884190342872E58B0091BAB5 /* PBXTargetDependency */ = {
			isa = PBXTargetDependency;
			target = 8841901B2872E5850091BAB5 /* UISheetDemo */;
			targetProxy = 884190332872E58B0091BAB5 /* PBXContainerItemProxy */;
		};
		8841903E2872E58B0091BAB5 /* PBXTargetDependency */ = {
			isa = PBXTargetDependency;
			target = 8841901B2872E5850091BAB5 /* UISheetDemo */;
			targetProxy = 8841903D2872E58B0091BAB5 /* PBXContainerItemProxy */;
		};
/* End PBXTargetDependency section */

/* Begin PBXVariantGroup section */
		884190252872E5850091BAB5 /* Main.storyboard */ = {
			isa = PBXVariantGroup;
			children = (
				884190262872E5850091BAB5 /* Base */,
			);
			name = Main.storyboard;
			sourceTree = "<group>";
		};
		8841902A2872E58B0091BAB5 /* LaunchScreen.storyboard */ = {
			isa = PBXVariantGroup;
			children = (
				8841902B2872E58B0091BAB5 /* Base */,
			);
			name = LaunchScreen.storyboard;
			sourceTree = "<group>";
		};
/* End PBXVariantGroup section */

/* Begin XCBuildConfiguration section */
		884190442872E58B0091BAB5 /* Debug */ = {
			isa = XCBuildConfiguration;
			buildSettings = {
				ALWAYS_SEARCH_USER_PATHS = NO;
				CLANG_ANALYZER_NONNULL = YES;
				CLANG_ANALYZER_NUMBER_OBJECT_CONVERSION = YES_AGGRESSIVE;
				CLANG_CXX_LANGUAGE_STANDARD = "gnu++17";
				CLANG_ENABLE_MODULES = YES;
				CLANG_ENABLE_OBJC_ARC = YES;
				CLANG_ENABLE_OBJC_WEAK = YES;
				CLANG_WARN_BLOCK_CAPTURE_AUTORELEASING = YES;
				CLANG_WARN_BOOL_CONVERSION = YES;
				CLANG_WARN_COMMA = YES;
				CLANG_WARN_CONSTANT_CONVERSION = YES;
				CLANG_WARN_DEPRECATED_OBJC_IMPLEMENTATIONS = YES;
				CLANG_WARN_DIRECT_OBJC_ISA_USAGE = YES_ERROR;
				CLANG_WARN_DOCUMENTATION_COMMENTS = YES;
				CLANG_WARN_EMPTY_BODY = YES;
				CLANG_WARN_ENUM_CONVERSION = YES;
				CLANG_WARN_INFINITE_RECURSION = YES;
				CLANG_WARN_INT_CONVERSION = YES;
				CLANG_WARN_NON_LITERAL_NULL_CONVERSION = YES;
				CLANG_WARN_OBJC_IMPLICIT_RETAIN_SELF = YES;
				CLANG_WARN_OBJC_LITERAL_CONVERSION = YES;
				CLANG_WARN_OBJC_ROOT_CLASS = YES_ERROR;
				CLANG_WARN_QUOTED_INCLUDE_IN_FRAMEWORK_HEADER = YES;
				CLANG_WARN_RANGE_LOOP_ANALYSIS = YES;
				CLANG_WARN_STRICT_PROTOTYPES = YES;
				CLANG_WARN_SUSPICIOUS_MOVE = YES;
				CLANG_WARN_UNGUARDED_AVAILABILITY = YES_AGGRESSIVE;
				CLANG_WARN_UNREACHABLE_CODE = YES;
				CLANG_WARN__DUPLICATE_METHOD_MATCH = YES;
				COPY_PHASE_STRIP = NO;
				DEBUG_INFORMATION_FORMAT = dwarf;
				ENABLE_STRICT_OBJC_MSGSEND = YES;
				ENABLE_TESTABILITY = YES;
				GCC_C_LANGUAGE_STANDARD = gnu11;
				GCC_DYNAMIC_NO_PIC = NO;
				GCC_NO_COMMON_BLOCKS = YES;
				GCC_OPTIMIZATION_LEVEL = 0;
				GCC_PREPROCESSOR_DEFINITIONS = (
					"DEBUG=1",
					"$(inherited)",
				);
				GCC_WARN_64_TO_32_BIT_CONVERSION = YES;
				GCC_WARN_ABOUT_RETURN_TYPE = YES_ERROR;
				GCC_WARN_UNDECLARED_SELECTOR = YES;
				GCC_WARN_UNINITIALIZED_AUTOS = YES_AGGRESSIVE;
				GCC_WARN_UNUSED_FUNCTION = YES;
				GCC_WARN_UNUSED_VARIABLE = YES;
				IPHONEOS_DEPLOYMENT_TARGET = 15.4;
				MTL_ENABLE_DEBUG_INFO = INCLUDE_SOURCE;
				MTL_FAST_MATH = YES;
				ONLY_ACTIVE_ARCH = YES;
				SDKROOT = iphoneos;
				SWIFT_ACTIVE_COMPILATION_CONDITIONS = DEBUG;
				SWIFT_OPTIMIZATION_LEVEL = "-Onone";
			};
			name = Debug;
		};
		884190452872E58B0091BAB5 /* Release */ = {
			isa = XCBuildConfiguration;
			buildSettings = {
				ALWAYS_SEARCH_USER_PATHS = NO;
				CLANG_ANALYZER_NONNULL = YES;
				CLANG_ANALYZER_NUMBER_OBJECT_CONVERSION = YES_AGGRESSIVE;
				CLANG_CXX_LANGUAGE_STANDARD = "gnu++17";
				CLANG_ENABLE_MODULES = YES;
				CLANG_ENABLE_OBJC_ARC = YES;
				CLANG_ENABLE_OBJC_WEAK = YES;
				CLANG_WARN_BLOCK_CAPTURE_AUTORELEASING = YES;
				CLANG_WARN_BOOL_CONVERSION = YES;
				CLANG_WARN_COMMA = YES;
				CLANG_WARN_CONSTANT_CONVERSION = YES;
				CLANG_WARN_DEPRECATED_OBJC_IMPLEMENTATIONS = YES;
				CLANG_WARN_DIRECT_OBJC_ISA_USAGE = YES_ERROR;
				CLANG_WARN_DOCUMENTATION_COMMENTS = YES;
				CLANG_WARN_EMPTY_BODY = YES;
				CLANG_WARN_ENUM_CONVERSION = YES;
				CLANG_WARN_INFINITE_RECURSION = YES;
				CLANG_WARN_INT_CONVERSION = YES;
				CLANG_WARN_NON_LITERAL_NULL_CONVERSION = YES;
				CLANG_WARN_OBJC_IMPLICIT_RETAIN_SELF = YES;
				CLANG_WARN_OBJC_LITERAL_CONVERSION = YES;
				CLANG_WARN_OBJC_ROOT_CLASS = YES_ERROR;
				CLANG_WARN_QUOTED_INCLUDE_IN_FRAMEWORK_HEADER = YES;
				CLANG_WARN_RANGE_LOOP_ANALYSIS = YES;
				CLANG_WARN_STRICT_PROTOTYPES = YES;
				CLANG_WARN_SUSPICIOUS_MOVE = YES;
				CLANG_WARN_UNGUARDED_AVAILABILITY = YES_AGGRESSIVE;
				CLANG_WARN_UNREACHABLE_CODE = YES;
				CLANG_WARN__DUPLICATE_METHOD_MATCH = YES;
				COPY_PHASE_STRIP = NO;
				DEBUG_INFORMATION_FORMAT = "dwarf-with-dsym";
				ENABLE_NS_ASSERTIONS = NO;
				ENABLE_STRICT_OBJC_MSGSEND = YES;
				GCC_C_LANGUAGE_STANDARD = gnu11;
				GCC_NO_COMMON_BLOCKS = YES;
				GCC_WARN_64_TO_32_BIT_CONVERSION = YES;
				GCC_WARN_ABOUT_RETURN_TYPE = YES_ERROR;
				GCC_WARN_UNDECLARED_SELECTOR = YES;
				GCC_WARN_UNINITIALIZED_AUTOS = YES_AGGRESSIVE;
				GCC_WARN_UNUSED_FUNCTION = YES;
				GCC_WARN_UNUSED_VARIABLE = YES;
				IPHONEOS_DEPLOYMENT_TARGET = 15.4;
				MTL_ENABLE_DEBUG_INFO = NO;
				MTL_FAST_MATH = YES;
				SDKROOT = iphoneos;
				SWIFT_COMPILATION_MODE = wholemodule;
				SWIFT_OPTIMIZATION_LEVEL = "-O";
				VALIDATE_PRODUCT = YES;
			};
			name = Release;
		};
		884190472872E58B0091BAB5 /* Debug */ = {
			isa = XCBuildConfiguration;
			buildSettings = {
				ASSETCATALOG_COMPILER_APPICON_NAME = AppIcon;
				ASSETCATALOG_COMPILER_GLOBAL_ACCENT_COLOR_NAME = AccentColor;
				CODE_SIGN_STYLE = Automatic;
				CURRENT_PROJECT_VERSION = 1;
				DEVELOPMENT_TEAM = F586945Z48;
				GENERATE_INFOPLIST_FILE = YES;
				INFOPLIST_FILE = UISheetDemo/Info.plist;
				INFOPLIST_KEY_UIApplicationSupportsIndirectInputEvents = YES;
				INFOPLIST_KEY_UILaunchStoryboardName = LaunchScreen;
				INFOPLIST_KEY_UIMainStoryboardFile = Main;
				INFOPLIST_KEY_UISupportedInterfaceOrientations_iPad = "UIInterfaceOrientationPortrait UIInterfaceOrientationPortraitUpsideDown UIInterfaceOrientationLandscapeLeft UIInterfaceOrientationLandscapeRight";
				INFOPLIST_KEY_UISupportedInterfaceOrientations_iPhone = "UIInterfaceOrientationPortrait UIInterfaceOrientationLandscapeLeft UIInterfaceOrientationLandscapeRight";
				LD_RUNPATH_SEARCH_PATHS = (
					"$(inherited)",
					"@executable_path/Frameworks",
				);
				MARKETING_VERSION = 1.0;
				PRODUCT_BUNDLE_IDENTIFIER = com.Codewalla.UISheetDemo;
				PRODUCT_NAME = "$(TARGET_NAME)";
				SWIFT_EMIT_LOC_STRINGS = YES;
				SWIFT_VERSION = 5.0;
				TARGETED_DEVICE_FAMILY = "1,2";
			};
			name = Debug;
		};
		884190482872E58B0091BAB5 /* Release */ = {
			isa = XCBuildConfiguration;
			buildSettings = {
				ASSETCATALOG_COMPILER_APPICON_NAME = AppIcon;
				ASSETCATALOG_COMPILER_GLOBAL_ACCENT_COLOR_NAME = AccentColor;
				CODE_SIGN_STYLE = Automatic;
				CURRENT_PROJECT_VERSION = 1;
				DEVELOPMENT_TEAM = F586945Z48;
				GENERATE_INFOPLIST_FILE = YES;
				INFOPLIST_FILE = UISheetDemo/Info.plist;
				INFOPLIST_KEY_UIApplicationSupportsIndirectInputEvents = YES;
				INFOPLIST_KEY_UILaunchStoryboardName = LaunchScreen;
				INFOPLIST_KEY_UIMainStoryboardFile = Main;
				INFOPLIST_KEY_UISupportedInterfaceOrientations_iPad = "UIInterfaceOrientationPortrait UIInterfaceOrientationPortraitUpsideDown UIInterfaceOrientationLandscapeLeft UIInterfaceOrientationLandscapeRight";
				INFOPLIST_KEY_UISupportedInterfaceOrientations_iPhone = "UIInterfaceOrientationPortrait UIInterfaceOrientationLandscapeLeft UIInterfaceOrientationLandscapeRight";
				LD_RUNPATH_SEARCH_PATHS = (
					"$(inherited)",
					"@executable_path/Frameworks",
				);
				MARKETING_VERSION = 1.0;
				PRODUCT_BUNDLE_IDENTIFIER = com.Codewalla.UISheetDemo;
				PRODUCT_NAME = "$(TARGET_NAME)";
				SWIFT_EMIT_LOC_STRINGS = YES;
				SWIFT_VERSION = 5.0;
				TARGETED_DEVICE_FAMILY = "1,2";
			};
			name = Release;
		};
		8841904A2872E58B0091BAB5 /* Debug */ = {
			isa = XCBuildConfiguration;
			buildSettings = {
				ALWAYS_EMBED_SWIFT_STANDARD_LIBRARIES = YES;
				BUNDLE_LOADER = "$(TEST_HOST)";
				CODE_SIGN_STYLE = Automatic;
				CURRENT_PROJECT_VERSION = 1;
				DEVELOPMENT_TEAM = F586945Z48;
				GENERATE_INFOPLIST_FILE = YES;
				IPHONEOS_DEPLOYMENT_TARGET = 15.4;
				MARKETING_VERSION = 1.0;
				PRODUCT_BUNDLE_IDENTIFIER = com.Codewalla.UISheetDemoTests;
				PRODUCT_NAME = "$(TARGET_NAME)";
				SWIFT_EMIT_LOC_STRINGS = NO;
				SWIFT_VERSION = 5.0;
				TARGETED_DEVICE_FAMILY = "1,2";
				TEST_HOST = "$(BUILT_PRODUCTS_DIR)/UISheetDemo.app/UISheetDemo";
			};
			name = Debug;
		};
		8841904B2872E58B0091BAB5 /* Release */ = {
			isa = XCBuildConfiguration;
			buildSettings = {
				ALWAYS_EMBED_SWIFT_STANDARD_LIBRARIES = YES;
				BUNDLE_LOADER = "$(TEST_HOST)";
				CODE_SIGN_STYLE = Automatic;
				CURRENT_PROJECT_VERSION = 1;
				DEVELOPMENT_TEAM = F586945Z48;
				GENERATE_INFOPLIST_FILE = YES;
				IPHONEOS_DEPLOYMENT_TARGET = 15.4;
				MARKETING_VERSION = 1.0;
				PRODUCT_BUNDLE_IDENTIFIER = com.Codewalla.UISheetDemoTests;
				PRODUCT_NAME = "$(TARGET_NAME)";
				SWIFT_EMIT_LOC_STRINGS = NO;
				SWIFT_VERSION = 5.0;
				TARGETED_DEVICE_FAMILY = "1,2";
				TEST_HOST = "$(BUILT_PRODUCTS_DIR)/UISheetDemo.app/UISheetDemo";
			};
			name = Release;
		};
		8841904D2872E58B0091BAB5 /* Debug */ = {
			isa = XCBuildConfiguration;
			buildSettings = {
				ALWAYS_EMBED_SWIFT_STANDARD_LIBRARIES = YES;
				CODE_SIGN_STYLE = Automatic;
				CURRENT_PROJECT_VERSION = 1;
				DEVELOPMENT_TEAM = F586945Z48;
				GENERATE_INFOPLIST_FILE = YES;
				MARKETING_VERSION = 1.0;
				PRODUCT_BUNDLE_IDENTIFIER = com.Codewalla.UISheetDemoUITests;
				PRODUCT_NAME = "$(TARGET_NAME)";
				SWIFT_EMIT_LOC_STRINGS = NO;
				SWIFT_VERSION = 5.0;
				TARGETED_DEVICE_FAMILY = "1,2";
				TEST_TARGET_NAME = UISheetDemo;
			};
			name = Debug;
		};
		8841904E2872E58B0091BAB5 /* Release */ = {
			isa = XCBuildConfiguration;
			buildSettings = {
				ALWAYS_EMBED_SWIFT_STANDARD_LIBRARIES = YES;
				CODE_SIGN_STYLE = Automatic;
				CURRENT_PROJECT_VERSION = 1;
				DEVELOPMENT_TEAM = F586945Z48;
				GENERATE_INFOPLIST_FILE = YES;
				MARKETING_VERSION = 1.0;
				PRODUCT_BUNDLE_IDENTIFIER = com.Codewalla.UISheetDemoUITests;
				PRODUCT_NAME = "$(TARGET_NAME)";
				SWIFT_EMIT_LOC_STRINGS = NO;
				SWIFT_VERSION = 5.0;
				TARGETED_DEVICE_FAMILY = "1,2";
				TEST_TARGET_NAME = UISheetDemo;
			};
			name = Release;
		};
/* End XCBuildConfiguration section */

/* Begin XCConfigurationList section */
		884190172872E5850091BAB5 /* Build configuration list for PBXProject "UISheetDemo" */ = {
			isa = XCConfigurationList;
			buildConfigurations = (
				884190442872E58B0091BAB5 /* Debug */,
				884190452872E58B0091BAB5 /* Release */,
			);
			defaultConfigurationIsVisible = 0;
			defaultConfigurationName = Release;
		};
		884190462872E58B0091BAB5 /* Build configuration list for PBXNativeTarget "UISheetDemo" */ = {
			isa = XCConfigurationList;
			buildConfigurations = (
				884190472872E58B0091BAB5 /* Debug */,
				884190482872E58B0091BAB5 /* Release */,
			);
			defaultConfigurationIsVisible = 0;
			defaultConfigurationName = Release;
		};
		884190492872E58B0091BAB5 /* Build configuration list for PBXNativeTarget "UISheetDemoTests" */ = {
			isa = XCConfigurationList;
			buildConfigurations = (
				8841904A2872E58B0091BAB5 /* Debug */,
				8841904B2872E58B0091BAB5 /* Release */,
			);
			defaultConfigurationIsVisible = 0;
			defaultConfigurationName = Release;
		};
		8841904C2872E58B0091BAB5 /* Build configuration list for PBXNativeTarget "UISheetDemoUITests" */ = {
			isa = XCConfigurationList;
			buildConfigurations = (
				8841904D2872E58B0091BAB5 /* Debug */,
				8841904E2872E58B0091BAB5 /* Release */,
			);
			defaultConfigurationIsVisible = 0;
			defaultConfigurationName = Release;
		};
/* End XCConfigurationList section */
	};
	rootObject = 884190142872E5850091BAB5 /* Project object */;
}
